schema: '2.0'
stages:
  data_ingestion:
    cmd: python src/cvClassifier/pipeline/S01_data_ingestion.py
    deps:
    - path: config/config.yaml
      hash: md5
      md5: 45c8cc8bb717efe8a4ff8c11b26668dc
      size: 1120
    - path: src/cvClassifier/pipeline/S01_data_ingestion.py
      hash: md5
      md5: b96c9316e45ef5798ba5875c61a540e2
      size: 853
    outs:
    - path: artifacts/data_ingestion/Data
      hash: md5
      md5: 3ddc2c0e262e947578d73eeec3119af6.dir
      size: 124956798
      nfiles: 1000
  model_preparation:
    cmd: python src/cvClassifier/pipeline/S02_model_preparation.py
    deps:
    - path: config/config.yaml
      hash: md5
      md5: 45c8cc8bb717efe8a4ff8c11b26668dc
      size: 1120
    - path: src/cvClassifier/pipeline/S02_model_preparation.py
      hash: md5
      md5: 78381f7c750f46aaccea875c50136e28
      size: 863
    params:
      params.yaml:
        CLASSES: 4
        IMAGE_SIZE:
        - 224
        - 224
        - 3
        INCLUDE_TOP: false
        LEARNING_RATE: 0.01
        WEIGHTS: imagenet
    outs:
    - path: artifacts/model_preparation
      hash: md5
      md5: b34fbdbd71434031768d55772f4a2ac5.dir
      size: 118154628
      nfiles: 2
  model_training:
    cmd: python src/cvClassifier/pipeline/S03_model_training.py
    deps:
    - path: artifacts/data_ingestion/Data
      hash: md5
      md5: 3ddc2c0e262e947578d73eeec3119af6.dir
      size: 124956798
      nfiles: 1000
    - path: artifacts/model_preparation
      hash: md5
      md5: b34fbdbd71434031768d55772f4a2ac5.dir
      size: 118154628
      nfiles: 2
    - path: config/config.yaml
      hash: md5
      md5: 45c8cc8bb717efe8a4ff8c11b26668dc
      size: 1120
    - path: src/cvClassifier/pipeline/S03_model_training.py
      hash: md5
      md5: 5b73e10b0dd256cd93d64f8c72e931b6
      size: 837
    params:
      params.yaml:
        AUGMENTATION: true
        BATCH_SIZE: 16
        EPOCHS: 1
        IMAGE_SIZE:
        - 224
        - 224
        - 3
        LEARNING_RATE: 0.01
    outs:
    - path: artifacts/model_training/model.pth
      hash: md5
      md5: c4a55f4baa9c571078bc170ba57257ca
      size: 59276610
  model_evaluation:
    cmd: python src/cvClassifier/pipeline/S04_model_evaluation.py
    deps:
    - path: artifacts/data_ingestion/Data
      hash: md5
      md5: 3ddc2c0e262e947578d73eeec3119af6.dir
      size: 124956798
      nfiles: 1000
    - path: artifacts/model_training/model.pth
      hash: md5
      md5: c4a55f4baa9c571078bc170ba57257ca
      size: 59276610
    - path: config/config.yaml
      hash: md5
      md5: 45c8cc8bb717efe8a4ff8c11b26668dc
      size: 1120
    - path: src/cvClassifier/pipeline/S04_model_evaluation.py
      hash: md5
      md5: c5bd67f8d964bcc128eafa05021a1233
      size: 808
    params:
      params.yaml:
        BATCH_SIZE: 16
        IMAGE_SIZE:
        - 224
        - 224
        - 3
    outs:
    - path: artifacts/model_evaluation/scores.json
      hash: md5
      md5: dd7f81bee5c3dd274641addeed21c994
      size: 71
